
Microsoft Visual Studio Solution File, Format Version 12.00
# Visual Studio 15
VisualStudioVersion = 15.0.26228.9
MinimumVisualStudioVersion = 10.0.40219.1
Project("{2150E333-8FDC-42A3-9474-1A3956D46DE8}") = "src", "src", "{85990620-78A6-4381-8BD6-84E6D0CF0649}"
EndProject
Project("{2150E333-8FDC-42A3-9474-1A3956D46DE8}") = "test", "test", "{AA4B8CC2-1431-4FC7-9DF3-533EC6C86D3A}"
EndProject
Project("{9A19103F-16F7-4668-BE54-9A1E7A4F7556}") = "Docker.DotNet", "src\Docker.DotNet\Docker.DotNet.csproj", "{C2EA98A7-FC7A-4EA6-A316-562A832D3D9A}"
EndProject
Project("{9A19103F-16F7-4668-BE54-9A1E7A4F7556}") = "Docker.DotNet.BasicAuth", "src\Docker.DotNet.BasicAuth\Docker.DotNet.BasicAuth.csproj", "{E1F24B25-E027-45E0-A6E1-E08138F1F95D}"
EndProject
Project("{9A19103F-16F7-4668-BE54-9A1E7A4F7556}") = "Docker.DotNet.X509", "src\Docker.DotNet.X509\Docker.DotNet.X509.csproj", "{89BD76AD-78C9-4E4A-96A2-E5DA6D4AFA44}"
EndProject
Project("{9A19103F-16F7-4668-BE54-9A1E7A4F7556}") = "Docker.DotNet.Tests", "test\Docker.DotNet.Tests\Docker.DotNet.Tests.csproj", "{248C5D51-2B33-4A06-A0EA-AA709F752E52}"
EndProject
Project("{FAE04EC0-301F-11D3-BF4B-00C04F79EFBC}") = "Docker.DotNet.SSH", "src\Docker.DotNet.SSH\Docker.DotNet.SSH.csproj", "{96FC65C8-DE92-4B54-9154-3BA60BC8D89C}"
EndProject
Global
	GlobalSection(SolutionConfigurationPlatforms) = preSolution
		Debug|Any CPU = Debug|Any CPU
		Debug|x64 = Debug|x64
		Debug|x86 = Debug|x86
		Release|Any CPU = Release|Any CPU
		Release|x64 = Release|x64
		Release|x86 = Release|x86
	EndGlobalSection
	GlobalSection(ProjectConfigurationPlatforms) = postSolution
		{C2EA98A7-FC7A-4EA6-A316-562A832D3D9A}.Debug|Any CPU.ActiveCfg = Debug|Any CPU
		{C2EA98A7-FC7A-4EA6-A316-562A832D3D9A}.Debug|Any CPU.Build.0 = Debug|Any CPU
		{C2EA98A7-FC7A-4EA6-A316-562A832D3D9A}.Debug|x64.ActiveCfg = Debug|Any CPU
		{C2EA98A7-FC7A-4EA6-A316-562A832D3D9A}.Debug|x64.Build.0 = Debug|Any CPU
		{C2EA98A7-FC7A-4EA6-A316-562A832D3D9A}.Debug|x86.ActiveCfg = Debug|Any CPU
		{C2EA98A7-FC7A-4EA6-A316-562A832D3D9A}.Debug|x86.Build.0 = Debug|Any CPU
		{C2EA98A7-FC7A-4EA6-A316-562A832D3D9A}.Release|Any CPU.ActiveCfg = Release|Any CPU
		{C2EA98A7-FC7A-4EA6-A316-562A832D3D9A}.Release|Any CPU.Build.0 = Release|Any CPU
		{C2EA98A7-FC7A-4EA6-A316-562A832D3D9A}.Release|x64.ActiveCfg = Release|Any CPU
		{C2EA98A7-FC7A-4EA6-A316-562A832D3D9A}.Release|x64.Build.0 = Release|Any CPU
		{C2EA98A7-FC7A-4EA6-A316-562A832D3D9A}.Release|x86.ActiveCfg = Release|Any CPU
		{C2EA98A7-FC7A-4EA6-A316-562A832D3D9A}.Release|x86.Build.0 = Release|Any CPU
		{E1F24B25-E027-45E0-A6E1-E08138F1F95D}.Debug|Any CPU.ActiveCfg = Debug|Any CPU
		{E1F24B25-E027-45E0-A6E1-E08138F1F95D}.Debug|Any CPU.Build.0 = Debug|Any CPU
		{E1F24B25-E027-45E0-A6E1-E08138F1F95D}.Debug|x64.ActiveCfg = Debug|Any CPU
		{E1F24B25-E027-45E0-A6E1-E08138F1F95D}.Debug|x64.Build.0 = Debug|Any CPU
		{E1F24B25-E027-45E0-A6E1-E08138F1F95D}.Debug|x86.ActiveCfg = Debug|Any CPU
		{E1F24B25-E027-45E0-A6E1-E08138F1F95D}.Debug|x86.Build.0 = Debug|Any CPU
		{E1F24B25-E027-45E0-A6E1-E08138F1F95D}.Release|Any CPU.ActiveCfg = Release|Any CPU
		{E1F24B25-E027-45E0-A6E1-E08138F1F95D}.Release|Any CPU.Build.0 = Release|Any CPU
		{E1F24B25-E027-45E0-A6E1-E08138F1F95D}.Release|x64.ActiveCfg = Release|Any CPU
		{E1F24B25-E027-45E0-A6E1-E08138F1F95D}.Release|x64.Build.0 = Release|Any CPU
		{E1F24B25-E027-45E0-A6E1-E08138F1F95D}.Release|x86.ActiveCfg = Release|Any CPU
		{E1F24B25-E027-45E0-A6E1-E08138F1F95D}.Release|x86.Build.0 = Release|Any CPU
		{89BD76AD-78C9-4E4A-96A2-E5DA6D4AFA44}.Debug|Any CPU.ActiveCfg = Debug|Any CPU
		{89BD76AD-78C9-4E4A-96A2-E5DA6D4AFA44}.Debug|Any CPU.Build.0 = Debug|Any CPU
		{89BD76AD-78C9-4E4A-96A2-E5DA6D4AFA44}.Debug|x64.ActiveCfg = Debug|Any CPU
		{89BD76AD-78C9-4E4A-96A2-E5DA6D4AFA44}.Debug|x64.Build.0 = Debug|Any CPU
		{89BD76AD-78C9-4E4A-96A2-E5DA6D4AFA44}.Debug|x86.ActiveCfg = Debug|Any CPU
		{89BD76AD-78C9-4E4A-96A2-E5DA6D4AFA44}.Debug|x86.Build.0 = Debug|Any CPU
		{89BD76AD-78C9-4E4A-96A2-E5DA6D4AFA44}.Release|Any CPU.ActiveCfg = Release|Any CPU
		{89BD76AD-78C9-4E4A-96A2-E5DA6D4AFA44}.Release|Any CPU.Build.0 = Release|Any CPU
		{89BD76AD-78C9-4E4A-96A2-E5DA6D4AFA44}.Release|x64.ActiveCfg = Release|Any CPU
		{89BD76AD-78C9-4E4A-96A2-E5DA6D4AFA44}.Release|x64.Build.0 = Release|Any CPU
		{89BD76AD-78C9-4E4A-96A2-E5DA6D4AFA44}.Release|x86.ActiveCfg = Release|Any CPU
		{89BD76AD-78C9-4E4A-96A2-E5DA6D4AFA44}.Release|x86.Build.0 = Release|Any CPU
		{248C5D51-2B33-4A06-A0EA-AA709F752E52}.Debug|Any CPU.ActiveCfg = Debug|Any CPU
		{248C5D51-2B33-4A06-A0EA-AA709F752E52}.Debug|Any CPU.Build.0 = Debug|Any CPU
		{248C5D51-2B33-4A06-A0EA-AA709F752E52}.Debug|x64.ActiveCfg = Debug|Any CPU
		{248C5D51-2B33-4A06-A0EA-AA709F752E52}.Debug|x64.Build.0 = Debug|Any CPU
		{248C5D51-2B33-4A06-A0EA-AA709F752E52}.Debug|x86.ActiveCfg = Debug|Any CPU
		{248C5D51-2B33-4A06-A0EA-AA709F752E52}.Debug|x86.Build.0 = Debug|Any CPU
		{248C5D51-2B33-4A06-A0EA-AA709F752E52}.Release|Any CPU.ActiveCfg = Release|Any CPU
		{248C5D51-2B33-4A06-A0EA-AA709F752E52}.Release|Any CPU.Build.0 = Release|Any CPU
		{248C5D51-2B33-4A06-A0EA-AA709F752E52}.Release|x64.ActiveCfg = Release|Any CPU
		{248C5D51-2B33-4A06-A0EA-AA709F752E52}.Release|x64.Build.0 = Release|Any CPU
		{248C5D51-2B33-4A06-A0EA-AA709F752E52}.Release|x86.ActiveCfg = Release|Any CPU
		{248C5D51-2B33-4A06-A0EA-AA709F752E52}.Release|x86.Build.0 = Release|Any CPU
		{96FC65C8-DE92-4B54-9154-3BA60BC8D89C}.Debug|Any CPU.ActiveCfg = Debug|Any CPU
		{96FC65C8-DE92-4B54-9154-3BA60BC8D89C}.Debug|Any CPU.Build.0 = Debug|Any CPU
		{96FC65C8-DE92-4B54-9154-3BA60BC8D89C}.Debug|x64.ActiveCfg = Debug|Any CPU
		{96FC65C8-DE92-4B54-9154-3BA60BC8D89C}.Debug|x64.Build.0 = Debug|Any CPU
		{96FC65C8-DE92-4B54-9154-3BA60BC8D89C}.Debug|x86.ActiveCfg = Debug|Any CPU
		{96FC65C8-DE92-4B54-9154-3BA60BC8D89C}.Debug|x86.Build.0 = Debug|Any CPU
		{96FC65C8-DE92-4B54-9154-3BA60BC8D89C}.Release|Any CPU.ActiveCfg = Release|Any CPU
		{96FC65C8-DE92-4B54-9154-3BA60BC8D89C}.Release|Any CPU.Build.0 = Release|Any CPU
		{96FC65C8-DE92-4B54-9154-3BA60BC8D89C}.Release|x64.ActiveCfg = Release|Any CPU
		{96FC65C8-DE92-4B54-9154-3BA60BC8D89C}.Release|x64.Build.0 = Release|Any CPU
		{96FC65C8-DE92-4B54-9154-3BA60BC8D89C}.Release|x86.ActiveCfg = Release|Any CPU
		{96FC65C8-DE92-4B54-9154-3BA60BC8D89C}.Release|x86.Build.0 = Release|Any CPU
	EndGlobalSection
	GlobalSection(SolutionProperties) = preSolution
		HideSolutionNode = FALSE
	EndGlobalSection
	GlobalSection(NestedProjects) = preSolution
		{C2EA98A7-FC7A-4EA6-A316-562A832D3D9A} = {85990620-78A6-4381-8BD6-84E6D0CF0649}
		{E1F24B25-E027-45E0-A6E1-E08138F1F95D} = {85990620-78A6-4381-8BD6-84E6D0CF0649}
		{89BD76AD-78C9-4E4A-96A2-E5DA6D4AFA44} = {85990620-78A6-4381-8BD6-84E6D0CF0649}
		{248C5D51-2B33-4A06-A0EA-AA709F752E52} = {AA4B8CC2-1431-4FC7-9DF3-533EC6C86D3A}
		{96FC65C8-DE92-4B54-9154-3BA60BC8D89C} = {85990620-78A6-4381-8BD6-84E6D0CF0649}
	EndGlobalSection
EndGlobal
