
Microsoft Visual Studio Solution File, Format Version 12.00
# Visual Studio 14
VisualStudioVersion = 14.0.22310.1
MinimumVisualStudioVersion = 10.0.40219.1
Project("{FAE04EC0-301F-11D3-BF4B-00C04F79EFBC}") = "Docker.DotNet", "Docker.DotNet\Docker.DotNet.csproj", "{4E6184DE-D4DA-4E82-9418-CE725EC35092}"
EndProject
Project("{FAE04EC0-301F-11D3-BF4B-00C04F79EFBC}") = "Docker.DotNet.X509", "Docker.DotNet.X509\Docker.DotNet.X509.csproj", "{107FC0D5-57C8-42A6-80F0-8683679544FE}"
EndProject
Project("{FAE04EC0-301F-11D3-BF4B-00C04F79EFBC}") = "Docker.DotNet.BasicAuth", "Docker.DotNet.BasicAuth\Docker.DotNet.BasicAuth.csproj", "{6D57F11F-B21A-45DB-A1D4-73AFCD68899C}"
EndProject
Project("{8BB2217D-0F2D-49D1-97BC-3654ED321F3B}") = "Docker.DotNet.AspNet5", "Docker.DotNet.AspNet5\Docker.DotNet.AspNet5.kproj", "{95CAA321-E90C-46C8-94A7-C75293C1F79D}"
EndProject
Global
	GlobalSection(SolutionConfigurationPlatforms) = preSolution
		Debug|Any CPU = Debug|Any CPU
		Release|Any CPU = Release|Any CPU
	EndGlobalSection
	GlobalSection(ProjectConfigurationPlatforms) = postSolution
		{4E6184DE-D4DA-4E82-9418-CE725EC35092}.Debug|Any CPU.ActiveCfg = Debug|Any CPU
		{4E6184DE-D4DA-4E82-9418-CE725EC35092}.Debug|Any CPU.Build.0 = Debug|Any CPU
		{4E6184DE-D4DA-4E82-9418-CE725EC35092}.Release|Any CPU.ActiveCfg = Release|Any CPU
		{4E6184DE-D4DA-4E82-9418-CE725EC35092}.Release|Any CPU.Build.0 = Release|Any CPU
		{107FC0D5-57C8-42A6-80F0-8683679544FE}.Debug|Any CPU.ActiveCfg = Debug|Any CPU
		{107FC0D5-57C8-42A6-80F0-8683679544FE}.Debug|Any CPU.Build.0 = Debug|Any CPU
		{107FC0D5-57C8-42A6-80F0-8683679544FE}.Release|Any CPU.ActiveCfg = Release|Any CPU
		{107FC0D5-57C8-42A6-80F0-8683679544FE}.Release|Any CPU.Build.0 = Release|Any CPU
		{6D57F11F-B21A-45DB-A1D4-73AFCD68899C}.Debug|Any CPU.ActiveCfg = Debug|Any CPU
		{6D57F11F-B21A-45DB-A1D4-73AFCD68899C}.Debug|Any CPU.Build.0 = Debug|Any CPU
		{6D57F11F-B21A-45DB-A1D4-73AFCD68899C}.Release|Any CPU.ActiveCfg = Release|Any CPU
		{6D57F11F-B21A-45DB-A1D4-73AFCD68899C}.Release|Any CPU.Build.0 = Release|Any CPU
		{95CAA321-E90C-46C8-94A7-C75293C1F79D}.Debug|Any CPU.ActiveCfg = Debug|Any CPU
		{95CAA321-E90C-46C8-94A7-C75293C1F79D}.Debug|Any CPU.Build.0 = Debug|Any CPU
		{95CAA321-E90C-46C8-94A7-C75293C1F79D}.Release|Any CPU.ActiveCfg = Release|Any CPU
		{95CAA321-E90C-46C8-94A7-C75293C1F79D}.Release|Any CPU.Build.0 = Release|Any CPU
	EndGlobalSection
	GlobalSection(SolutionProperties) = preSolution
		HideSolutionNode = FALSE
	EndGlobalSection
	GlobalSection(MonoDevelopProperties) = preSolution
		StartupItem = Docker.DotNet\Docker.DotNet.csproj
	EndGlobalSection
EndGlobal
