
Microsoft Visual Studio Solution File, Format Version 12.00
# Visual Studio 2012
Project("{FAE04EC0-301F-11D3-BF4B-00C04F79EFBC}") = "Docker.DotNet", "Docker.DotNet\Docker.DotNet.csproj", "{27C637FF-3EA5-4AD1-81D3-45C28862EF3E}"
EndProject
Project("{FAE04EC0-301F-11D3-BF4B-00C04F79EFBC}") = "DemoClient", "DemoClient\DemoClient.csproj", "{87DD6A30-058F-4F37-8FFD-158D60525811}"
EndProject
Global
	GlobalSection(SolutionConfigurationPlatforms) = preSolution
		Debug|Any CPU = Debug|Any CPU
		Release|Any CPU = Release|Any CPU
	EndGlobalSection
	GlobalSection(ProjectConfigurationPlatforms) = postSolution
		{27C637FF-3EA5-4AD1-81D3-45C28862EF3E}.Debug|Any CPU.ActiveCfg = Debug|Any CPU
		{27C637FF-3EA5-4AD1-81D3-45C28862EF3E}.Debug|Any CPU.Build.0 = Debug|Any CPU
		{27C637FF-3EA5-4AD1-81D3-45C28862EF3E}.Release|Any CPU.ActiveCfg = Release|Any CPU
		{27C637FF-3EA5-4AD1-81D3-45C28862EF3E}.Release|Any CPU.Build.0 = Release|Any CPU
		{87DD6A30-058F-4F37-8FFD-158D60525811}.Debug|Any CPU.ActiveCfg = Debug|Any CPU
		{87DD6A30-058F-4F37-8FFD-158D60525811}.Debug|Any CPU.Build.0 = Debug|Any CPU
		{87DD6A30-058F-4F37-8FFD-158D60525811}.Release|Any CPU.ActiveCfg = Release|Any CPU
		{87DD6A30-058F-4F37-8FFD-158D60525811}.Release|Any CPU.Build.0 = Release|Any CPU
	EndGlobalSection
	GlobalSection(MonoDevelopProperties) = preSolution
		StartupItem = DemoClient\DemoClient.csproj
	EndGlobalSection
EndGlobal
